<?xml version="1.0" encoding="utf-8"?>
<Project ToolsVersion="4.0" xmlns="http://schemas.microsoft.com/developer/msbuild/2003">
  <ItemGroup>
    <Filter Include="Resource Files">
      <UniqueIdentifier>{67DA6AB6-F800-4c08-8B7A-83BB121AAD01}</UniqueIdentifier>
      <Extensions>rc;ico;cur;bmp;dlg;rc2;rct;bin;rgs;gif;jpg;jpeg;jpe;resx;tiff;tif;png;wav;mfcribbon-ms</Extensions>
    </Filter>
    <Filter Include="Skeleton">
      <UniqueIdentifier>{1a09df39-ac10-4452-802b-32352bf66ab5}</UniqueIdentifier>
    </Filter>
    <Filter Include="Skeleton\Source Files">
      <UniqueIdentifier>{4FC737F1-C7A5-4376-A066-2A32D752A2FF}</UniqueIdentifier>
      <Extensions>cpp;c;cc;cxx;def;odl;idl;hpj;bat;asm;asmx</Extensions>
    </Filter>
    <Filter Include="Skeleton\Header Files">
      <UniqueIdentifier>{93995380-89BD-4b04-88EB-625FBE52EBFB}</UniqueIdentifier>
      <Extensions>h;hh;hpp;hxx;hm;inl;inc;xsd</Extensions>
    </Filter>
  </ItemGroup>
  <ItemGroup>
    <ClInclude Include="Portfolio.h">
      <Filter>Skeleton\Header Files</Filter>
    </ClInclude>
    <ClInclude Include="csv.h">
      <Filter>Skeleton\Header Files</Filter>
    </ClInclude>
    <ClInclude Include="instrument.h">
      <Filter>Skeleton\Header Files</Filter>
    </ClInclude>
    <ClInclude Include="order.h">
      <Filter>Skeleton\Header Files</Filter>
    </ClInclude>
    <ClInclude Include="cmdManager.h">
      <Filter>Skeleton\Header Files</Filter>
    </ClInclude>
    <ClInclude Include="stockStream.h">
      <Filter>Skeleton\Header Files</Filter>
    </ClInclude>
  </ItemGroup>
  <ItemGroup>
    <ClCompile Include="Portfolio.cpp">
      <Filter>Skeleton\Source Files</Filter>
    </ClCompile>
    <ClCompile Include="csv.cpp">
      <Filter>Skeleton\Source Files</Filter>
    </ClCompile>
    <ClCompile Include="Instrument.cpp">
      <Filter>Skeleton\Source Files</Filter>
    </ClCompile>
    <ClCompile Include="order.cpp">
      <Filter>Skeleton\Source Files</Filter>
    </ClCompile>
    <ClCompile Include="cmdManager.cpp">
      <Filter>Skeleton\Source Files</Filter>
    </ClCompile>
    <ClCompile Include="stockStream.cpp">
      <Filter>Skeleton\Source Files</Filter>
    </ClCompile>
    <ClCompile Include="main.cpp">
      <Filter>Skeleton\Source Files</Filter>
    </ClCompile>
  </ItemGroup>
</Project>